
Microsoft Visual Studio Solution File, Format Version 12.00
# Visual Studio 15
VisualStudioVersion = 15.0.26124.0
MinimumVisualStudioVersion = 15.0.26124.0
Project("{FAE04EC0-301F-11D3-BF4B-00C04F79EFBC}") = "ManuallyCreateJWT", "ManuallyCreateJWT.csproj", "{A1BE5956-BF01-43ED-91B8-A503EC634394}"
EndProject
Global
	GlobalSection(SolutionConfigurationPlatforms) = preSolution
		Debug|Any CPU = Debug|Any CPU
		Debug|x64 = Debug|x64
		Debug|x86 = Debug|x86
		Release|Any CPU = Release|Any CPU
		Release|x64 = Release|x64
		Release|x86 = Release|x86
	EndGlobalSection
	GlobalSection(SolutionProperties) = preSolution
		HideSolutionNode = FALSE
	EndGlobalSection
	GlobalSection(ProjectConfigurationPlatforms) = postSolution
		{A1BE5956-BF01-43ED-91B8-A503EC634394}.Debug|Any CPU.ActiveCfg = Debug|Any CPU
		{A1BE5956-BF01-43ED-91B8-A503EC634394}.Debug|Any CPU.Build.0 = Debug|Any CPU
		{A1BE5956-BF01-43ED-91B8-A503EC634394}.Debug|x64.ActiveCfg = Debug|Any CPU
		{A1BE5956-BF01-43ED-91B8-A503EC634394}.Debug|x64.Build.0 = Debug|Any CPU
		{A1BE5956-BF01-43ED-91B8-A503EC634394}.Debug|x86.ActiveCfg = Debug|Any CPU
		{A1BE5956-BF01-43ED-91B8-A503EC634394}.Debug|x86.Build.0 = Debug|Any CPU
		{A1BE5956-BF01-43ED-91B8-A503EC634394}.Release|Any CPU.ActiveCfg = Release|Any CPU
		{A1BE5956-BF01-43ED-91B8-A503EC634394}.Release|Any CPU.Build.0 = Release|Any CPU
		{A1BE5956-BF01-43ED-91B8-A503EC634394}.Release|x64.ActiveCfg = Release|Any CPU
		{A1BE5956-BF01-43ED-91B8-A503EC634394}.Release|x64.Build.0 = Release|Any CPU
		{A1BE5956-BF01-43ED-91B8-A503EC634394}.Release|x86.ActiveCfg = Release|Any CPU
		{A1BE5956-BF01-43ED-91B8-A503EC634394}.Release|x86.Build.0 = Release|Any CPU
	EndGlobalSection
EndGlobal
